
Microsoft Visual Studio Solution File, Format Version 12.00
# Visual Studio 15
VisualStudioVersion = 15.0.26124.0
MinimumVisualStudioVersion = 15.0.26124.0
Project("{2150E333-8FDC-42A3-9474-1A3956D46DE8}") = "src", "src", "{41182F65-4EF1-42DA-B9A8-CF534A20D8D1}"
EndProject
Project("{FAE04EC0-301F-11D3-BF4B-00C04F79EFBC}") = "Demo.BlazorApp", "src\Demo.BlazorApp\Demo.BlazorApp.csproj", "{713E4BE1-5181-45C6-9129-0389771E188A}"
EndProject
Global
	GlobalSection(SolutionConfigurationPlatforms) = preSolution
		Debug|Any CPU = Debug|Any CPU
		Debug|x64 = Debug|x64
		Debug|x86 = Debug|x86
		Release|Any CPU = Release|Any CPU
		Release|x64 = Release|x64
		Release|x86 = Release|x86
	EndGlobalSection
	GlobalSection(SolutionProperties) = preSolution
		HideSolutionNode = FALSE
	EndGlobalSection
	GlobalSection(ProjectConfigurationPlatforms) = postSolution
		{713E4BE1-5181-45C6-9129-0389771E188A}.Debug|Any CPU.ActiveCfg = Debug|Any CPU
		{713E4BE1-5181-45C6-9129-0389771E188A}.Debug|Any CPU.Build.0 = Debug|Any CPU
		{713E4BE1-5181-45C6-9129-0389771E188A}.Debug|x64.ActiveCfg = Debug|Any CPU
		{713E4BE1-5181-45C6-9129-0389771E188A}.Debug|x64.Build.0 = Debug|Any CPU
		{713E4BE1-5181-45C6-9129-0389771E188A}.Debug|x86.ActiveCfg = Debug|Any CPU
		{713E4BE1-5181-45C6-9129-0389771E188A}.Debug|x86.Build.0 = Debug|Any CPU
		{713E4BE1-5181-45C6-9129-0389771E188A}.Release|Any CPU.ActiveCfg = Release|Any CPU
		{713E4BE1-5181-45C6-9129-0389771E188A}.Release|Any CPU.Build.0 = Release|Any CPU
		{713E4BE1-5181-45C6-9129-0389771E188A}.Release|x64.ActiveCfg = Release|Any CPU
		{713E4BE1-5181-45C6-9129-0389771E188A}.Release|x64.Build.0 = Release|Any CPU
		{713E4BE1-5181-45C6-9129-0389771E188A}.Release|x86.ActiveCfg = Release|Any CPU
		{713E4BE1-5181-45C6-9129-0389771E188A}.Release|x86.Build.0 = Release|Any CPU
	EndGlobalSection
	GlobalSection(NestedProjects) = preSolution
		{713E4BE1-5181-45C6-9129-0389771E188A} = {41182F65-4EF1-42DA-B9A8-CF534A20D8D1}
	EndGlobalSection
EndGlobal
